PODS:
  - audio_core (0.0.1):
    - Flutter
    - FlutterMacOS
  - audio_service (0.0.1):
    - Flutter
    - FlutterMacOS
  - audio_session (0.0.1):
    - FlutterMacOS
  - bonsoir_darwin (0.0.1):
    - Flutter
    - FlutterMacOS
  - desktop_drop (0.0.1):
    - FlutterMacOS
  - device_info_plus (0.0.1):
    - FlutterMacOS
  - file_picker (0.0.1):
    - FlutterMacOS
  - file_selector_macos (0.0.1):
    - FlutterMacOS
  - flutter_tray (0.0.1):
    - FlutterMacOS
  - FlutterMacOS (1.0.0)
  - mobile_storage_listener (0.0.1):
    - Flutter
    - FlutterMacOS
  - package_info_plus (0.0.1):
    - FlutterMacOS
  - pasteboard (0.0.1):
    - FlutterMacOS
  - proxy_getter (0.0.1):
    - FlutterMacOS
  - screen_retriever_macos (0.0.1):
    - FlutterMacOS
  - shared_preferences_foundation (0.0.1):
    - Flutter
    - FlutterMacOS
  - sqflite_darwin (0.0.4):
    - Flutter
    - FlutterMacOS
  - url_launcher_macos (0.0.1):
    - FlutterMacOS
  - window_manager (0.5.0):
    - FlutterMacOS

DEPENDENCIES:
  - audio_core (from `Flutter/ephemeral/.symlinks/plugins/audio_core/darwin`)
  - audio_service (from `Flutter/ephemeral/.symlinks/plugins/audio_service/darwin`)
  - audio_session (from `Flutter/ephemeral/.symlinks/plugins/audio_session/macos`)
  - bonsoir_darwin (from `Flutter/ephemeral/.symlinks/plugins/bonsoir_darwin/darwin`)
  - desktop_drop (from `Flutter/ephemeral/.symlinks/plugins/desktop_drop/macos`)
  - device_info_plus (from `Flutter/ephemeral/.symlinks/plugins/device_info_plus/macos`)
  - file_picker (from `Flutter/ephemeral/.symlinks/plugins/file_picker/macos`)
  - file_selector_macos (from `Flutter/ephemeral/.symlinks/plugins/file_selector_macos/macos`)
  - flutter_tray (from `Flutter/ephemeral/.symlinks/plugins/flutter_tray/macos`)
  - FlutterMacOS (from `Flutter/ephemeral`)
  - mobile_storage_listener (from `Flutter/ephemeral/.symlinks/plugins/mobile_storage_listener/darwin`)
  - package_info_plus (from `Flutter/ephemeral/.symlinks/plugins/package_info_plus/macos`)
  - pasteboard (from `Flutter/ephemeral/.symlinks/plugins/pasteboard/macos`)
  - proxy_getter (from `Flutter/ephemeral/.symlinks/plugins/proxy_getter/macos`)
  - screen_retriever_macos (from `Flutter/ephemeral/.symlinks/plugins/screen_retriever_macos/macos`)
  - shared_preferences_foundation (from `Flutter/ephemeral/.symlinks/plugins/shared_preferences_foundation/darwin`)
  - sqflite_darwin (from `Flutter/ephemeral/.symlinks/plugins/sqflite_darwin/darwin`)
  - url_launcher_macos (from `Flutter/ephemeral/.symlinks/plugins/url_launcher_macos/macos`)
  - window_manager (from `Flutter/ephemeral/.symlinks/plugins/window_manager/macos`)

EXTERNAL SOURCES:
  audio_core:
    :path: Flutter/ephemeral/.symlinks/plugins/audio_core/darwin
  audio_service:
    :path: Flutter/ephemeral/.symlinks/plugins/audio_service/darwin
  audio_session:
    :path: Flutter/ephemeral/.symlinks/plugins/audio_session/macos
  bonsoir_darwin:
    :path: Flutter/ephemeral/.symlinks/plugins/bonsoir_darwin/darwin
  desktop_drop:
    :path: Flutter/ephemeral/.symlinks/plugins/desktop_drop/macos
  device_info_plus:
    :path: Flutter/ephemeral/.symlinks/plugins/device_info_plus/macos
  file_picker:
    :path: Flutter/ephemeral/.symlinks/plugins/file_picker/macos
  file_selector_macos:
    :path: Flutter/ephemeral/.symlinks/plugins/file_selector_macos/macos
  flutter_tray:
    :path: Flutter/ephemeral/.symlinks/plugins/flutter_tray/macos
  FlutterMacOS:
    :path: Flutter/ephemeral
  mobile_storage_listener:
    :path: Flutter/ephemeral/.symlinks/plugins/mobile_storage_listener/darwin
  package_info_plus:
    :path: Flutter/ephemeral/.symlinks/plugins/package_info_plus/macos
  pasteboard:
    :path: Flutter/ephemeral/.symlinks/plugins/pasteboard/macos
  proxy_getter:
    :path: Flutter/ephemeral/.symlinks/plugins/proxy_getter/macos
  screen_retriever_macos:
    :path: Flutter/ephemeral/.symlinks/plugins/screen_retriever_macos/macos
  shared_preferences_foundation:
    :path: Flutter/ephemeral/.symlinks/plugins/shared_preferences_foundation/darwin
  sqflite_darwin:
    :path: Flutter/ephemeral/.symlinks/plugins/sqflite_darwin/darwin
  url_launcher_macos:
    :path: Flutter/ephemeral/.symlinks/plugins/url_launcher_macos/macos
  window_manager:
    :path: Flutter/ephemeral/.symlinks/plugins/window_manager/macos

SPEC CHECKSUMS:
  audio_core: 253f7012956382f78aabcf8790d87cb9df945f71
  audio_service: aa99a6ba2ae7565996015322b0bb024e1d25c6fd
  audio_session: eaca2512cf2b39212d724f35d11f46180ad3a33e
  bonsoir_darwin: 14bd7429acb51db6a8e51f6574ac3b1ea0037a87
  desktop_drop: 10a3e6a7fa9dbe350541f2574092fecfa345a07b
  device_info_plus: a56e6e74dbbd2bb92f2da12c64ddd4f67a749041
  file_picker: 7584aae6fa07a041af2b36a2655122d42f578c1a
  file_selector_macos: 9e9e068e90ebee155097d00e89ae91edb2374db7
  flutter_tray: b06e7642573047e4e28f9616964833cb9a7eab0d
  FlutterMacOS: d0db08ddef1a9af05a5ec4b724367152bb0500b1
  mobile_storage_listener: 7894760322d7fb5121e315b81806dbddfceef26e
  package_info_plus: f0052d280d17aa382b932f399edf32507174e870
  pasteboard: b594eaf838d930b276d7a35a44a32b4f489170cb
  proxy_getter: d667015969f8fc62ec2f8f4a014d8bb5dbf20a32
  screen_retriever_macos: c5508cc3c66ff0d4db650480cf0ab691e220d933
  shared_preferences_foundation: 7036424c3d8ec98dfe75ff1667cb0cd531ec82bb
  sqflite_darwin: 20b2a3a3b70e43edae938624ce550a3cbf66a3d0
  url_launcher_macos: f87a979182d112f911de6820aefddaf56ee9fbfd
  window_manager: b729e31d38fb04905235df9ea896128991cad99e

PODFILE CHECKSUM: 0ab50226ab50f64cbe2470c8376eae44d9e8fc62

COCOAPODS: 1.16.2
