PODS:
  - audio_core (0.0.1):
    - Flutter
    - FlutterMacOS
  - dart_chromaprint (0.0.1):
    - Flutter
  - file_selector_ios (0.0.1):
    - Flutter
  - Flutter (1.0.0)
  - on_audio_query_ios (0.0.1):
    - Flutter
    - SwiftyBeaver
  - permission_handler_apple (9.3.0):
    - Flutter
  - SwiftyBeaver (1.9.5)

DEPENDENCIES:
  - audio_core (from `.symlinks/plugins/audio_core/darwin`)
  - dart_chromaprint (from `.symlinks/plugins/dart_chromaprint/ios`)
  - file_selector_ios (from `.symlinks/plugins/file_selector_ios/ios`)
  - Flutter (from `Flutter`)
  - on_audio_query_ios (from `.symlinks/plugins/on_audio_query_ios/ios`)
  - permission_handler_apple (from `.symlinks/plugins/permission_handler_apple/ios`)

SPEC REPOS:
  trunk:
    - SwiftyBeaver

EXTERNAL SOURCES:
  audio_core:
    :path: ".symlinks/plugins/audio_core/darwin"
  dart_chromaprint:
    :path: ".symlinks/plugins/dart_chromaprint/ios"
  file_selector_ios:
    :path: ".symlinks/plugins/file_selector_ios/ios"
  Flutter:
    :path: Flutter
  on_audio_query_ios:
    :path: ".symlinks/plugins/on_audio_query_ios/ios"
  permission_handler_apple:
    :path: ".symlinks/plugins/permission_handler_apple/ios"

SPEC CHECKSUMS:
  audio_core: 30726fb07ad4add47b744616754b9bfeda811c0e
  dart_chromaprint: 944f8c222a8ab7676a4213d7e0dbd9555a0c482a
  file_selector_ios: ec57ec07954363dd730b642e765e58f199bb621a
  Flutter: cabc95a1d2626b1b06e7179b784ebcf0c0cde467
  on_audio_query_ios: 28a780e2d0d85d92d500ba6e12c6c8167022b2fa
  permission_handler_apple: 4ed2196e43d0651e8ff7ca3483a069d469701f2d
  SwiftyBeaver: 84069991dd5dca07d7069100985badaca7f0ce82

PODFILE CHECKSUM: 62c50efb50b5803861447bd55c376d592f580bd0

COCOAPODS: 1.16.2
